
Microsoft Visual Studio Solution File, Format Version 12.00
# Visual Studio Version 17
VisualStudioVersion = 17.11.35312.102
MinimumVisualStudioVersion = 10.0.40219.1
Project("{9A19103F-16F7-4668-BE54-9A1E7A4F7556}") = "SV22T1020123.Admin", "SV22T1020123.Admin\SV22T1020123.Admin.csproj", "{3C6560AD-C003-476D-BC20-3DA7C8977537}"
EndProject
Project("{9A19103F-16F7-4668-BE54-9A1E7A4F7556}") = "SV22T1020123.Shop", "SV22T1020123.Shop\SV22T1020123.Shop.csproj", "{983D0D87-CA38-424A-A7AF-9ADEC8DEE538}"
EndProject
Project("{9A19103F-16F7-4668-BE54-9A1E7A4F7556}") = "SV22T1020123.Models", "SV22T1020123.Models\SV22T1020123.Models.csproj", "{792878F5-2DEE-43CD-90CA-165A171690EC}"
EndProject
Project("{9A19103F-16F7-4668-BE54-9A1E7A4F7556}") = "SV22T1020123.DataLayers", "SV22T1020123.DataLayers\SV22T1020123.DataLayers.csproj", "{4AEF7AD1-2795-4F15-BA31-4E7B051416B6}"
EndProject
Project("{9A19103F-16F7-4668-BE54-9A1E7A4F7556}") = "SV22T1020123.BusinessLayers", "SV22T1020123.BusinessLayers\SV22T1020123.BusinessLayers.csproj", "{0E3A20E7-A2CA-4C8F-B895-FD68D8648E0A}"
EndProject
Project("{2150E333-8FDC-42A3-9474-1A3956D46DE8}") = "Application", "Application", "{89038A14-6AC1-48E3-95B7-B748C59D3D95}"
EndProject
Project("{2150E333-8FDC-42A3-9474-1A3956D46DE8}") = "Library", "Library", "{AAA38BA8-4E9A-4063-BDFB-3A1B396C178D}"
EndProject
Global
	GlobalSection(SolutionConfigurationPlatforms) = preSolution
		Debug|Any CPU = Debug|Any CPU
		Release|Any CPU = Release|Any CPU
	EndGlobalSection
	GlobalSection(ProjectConfigurationPlatforms) = postSolution
		{3C6560AD-C003-476D-BC20-3DA7C8977537}.Debug|Any CPU.ActiveCfg = Debug|Any CPU
		{3C6560AD-C003-476D-BC20-3DA7C8977537}.Debug|Any CPU.Build.0 = Debug|Any CPU
		{3C6560AD-C003-476D-BC20-3DA7C8977537}.Release|Any CPU.ActiveCfg = Release|Any CPU
		{3C6560AD-C003-476D-BC20-3DA7C8977537}.Release|Any CPU.Build.0 = Release|Any CPU
		{983D0D87-CA38-424A-A7AF-9ADEC8DEE538}.Debug|Any CPU.ActiveCfg = Debug|Any CPU
		{983D0D87-CA38-424A-A7AF-9ADEC8DEE538}.Debug|Any CPU.Build.0 = Debug|Any CPU
		{983D0D87-CA38-424A-A7AF-9ADEC8DEE538}.Release|Any CPU.ActiveCfg = Release|Any CPU
		{983D0D87-CA38-424A-A7AF-9ADEC8DEE538}.Release|Any CPU.Build.0 = Release|Any CPU
		{792878F5-2DEE-43CD-90CA-165A171690EC}.Debug|Any CPU.ActiveCfg = Debug|Any CPU
		{792878F5-2DEE-43CD-90CA-165A171690EC}.Debug|Any CPU.Build.0 = Debug|Any CPU
		{792878F5-2DEE-43CD-90CA-165A171690EC}.Release|Any CPU.ActiveCfg = Release|Any CPU
		{792878F5-2DEE-43CD-90CA-165A171690EC}.Release|Any CPU.Build.0 = Release|Any CPU
		{4AEF7AD1-2795-4F15-BA31-4E7B051416B6}.Debug|Any CPU.ActiveCfg = Debug|Any CPU
		{4AEF7AD1-2795-4F15-BA31-4E7B051416B6}.Debug|Any CPU.Build.0 = Debug|Any CPU
		{4AEF7AD1-2795-4F15-BA31-4E7B051416B6}.Release|Any CPU.ActiveCfg = Release|Any CPU
		{4AEF7AD1-2795-4F15-BA31-4E7B051416B6}.Release|Any CPU.Build.0 = Release|Any CPU
		{0E3A20E7-A2CA-4C8F-B895-FD68D8648E0A}.Debug|Any CPU.ActiveCfg = Debug|Any CPU
		{0E3A20E7-A2CA-4C8F-B895-FD68D8648E0A}.Debug|Any CPU.Build.0 = Debug|Any CPU
		{0E3A20E7-A2CA-4C8F-B895-FD68D8648E0A}.Release|Any CPU.ActiveCfg = Release|Any CPU
		{0E3A20E7-A2CA-4C8F-B895-FD68D8648E0A}.Release|Any CPU.Build.0 = Release|Any CPU
	EndGlobalSection
	GlobalSection(SolutionProperties) = preSolution
		HideSolutionNode = FALSE
	EndGlobalSection
	GlobalSection(NestedProjects) = preSolution
		{3C6560AD-C003-476D-BC20-3DA7C8977537} = {89038A14-6AC1-48E3-95B7-B748C59D3D95}
		{983D0D87-CA38-424A-A7AF-9ADEC8DEE538} = {89038A14-6AC1-48E3-95B7-B748C59D3D95}
		{792878F5-2DEE-43CD-90CA-165A171690EC} = {AAA38BA8-4E9A-4063-BDFB-3A1B396C178D}
		{4AEF7AD1-2795-4F15-BA31-4E7B051416B6} = {AAA38BA8-4E9A-4063-BDFB-3A1B396C178D}
		{0E3A20E7-A2CA-4C8F-B895-FD68D8648E0A} = {AAA38BA8-4E9A-4063-BDFB-3A1B396C178D}
	EndGlobalSection
	GlobalSection(ExtensibilityGlobals) = postSolution
		SolutionGuid = {82A57327-D55F-41E3-AC8B-E64D09E9C18A}
	EndGlobalSection
EndGlobal
